
Microsoft Visual Studio Solution File, Format Version 12.00
# Visual Studio 2012
Project("{FAE04EC0-301F-11D3-BF4B-00C04F79EFBC}") = "JWAPICaseAttributes", "JWAPICaseAttributes\JWAPICaseAttributes.csproj", "{CE66A549-BC8D-4E73-9F07-2862DBD040D5}"
EndProject
Global
	GlobalSection(SolutionConfigurationPlatforms) = preSolution
		Debug|Any CPU = Debug|Any CPU
		Release|Any CPU = Release|Any CPU
	EndGlobalSection
	GlobalSection(ProjectConfigurationPlatforms) = postSolution
		{CE66A549-BC8D-4E73-9F07-2862DBD040D5}.Debug|Any CPU.ActiveCfg = Debug|Any CPU
		{CE66A549-BC8D-4E73-9F07-2862DBD040D5}.Debug|Any CPU.Build.0 = Debug|Any CPU
		{CE66A549-BC8D-4E73-9F07-2862DBD040D5}.Release|Any CPU.ActiveCfg = Release|Any CPU
		{CE66A549-BC8D-4E73-9F07-2862DBD040D5}.Release|Any CPU.Build.0 = Release|Any CPU
	EndGlobalSection
	GlobalSection(SolutionProperties) = preSolution
		HideSolutionNode = FALSE
	EndGlobalSection
EndGlobal
